
Microsoft Visual Studio Solution File, Format Version 12.00
# Visual Studio Version 17
VisualStudioVersion = 17.8.34408.163
MinimumVisualStudioVersion = 10.0.40219.1
Project("{FAE04EC0-301F-11D3-BF4B-00C04F79EFBC}") = "laba9", "laba9.csproj", "{06486654-9A5C-4EE1-AA39-6744A3B211B7}"
EndProject
Global
	GlobalSection(SolutionConfigurationPlatforms) = preSolution
		Debug|Any CPU = Debug|Any CPU
		Release|Any CPU = Release|Any CPU
	EndGlobalSection
	GlobalSection(ProjectConfigurationPlatforms) = postSolution
		{06486654-9A5C-4EE1-AA39-6744A3B211B7}.Debug|Any CPU.ActiveCfg = Debug|Any CPU
		{06486654-9A5C-4EE1-AA39-6744A3B211B7}.Debug|Any CPU.Build.0 = Debug|Any CPU
		{06486654-9A5C-4EE1-AA39-6744A3B211B7}.Release|Any CPU.ActiveCfg = Release|Any CPU
		{06486654-9A5C-4EE1-AA39-6744A3B211B7}.Release|Any CPU.Build.0 = Release|Any CPU
	EndGlobalSection
	GlobalSection(SolutionProperties) = preSolution
		HideSolutionNode = FALSE
	EndGlobalSection
	GlobalSection(ExtensibilityGlobals) = postSolution
		SolutionGuid = {806B4E08-87EE-4571-93A8-D1ED8DF006A5}
	EndGlobalSection
EndGlobal
